
Microsoft Visual Studio Solution File, Format Version 12.00
# Visual Studio Version 17
VisualStudioVersion = 17.3.32929.385
MinimumVisualStudioVersion = 10.0.40219.1
Project("{9A19103F-16F7-4668-BE54-9A1E7A4F7556}") = "Drogecode.Knrm.Oefenrooster.Client", "src\Client\Drogecode.Knrm.Oefenrooster.Client.csproj", "{EB07ED30-006B-43A7-BCA6-3B5D3C5E95D8}"
EndProject
Project("{9A19103F-16F7-4668-BE54-9A1E7A4F7556}") = "Drogecode.Knrm.Oefenrooster.Server", "src\Server\Drogecode.Knrm.Oefenrooster.Server.csproj", "{2D9143F7-D2D7-4DDC-AC5E-E62410334F69}"
EndProject
Project("{9A19103F-16F7-4668-BE54-9A1E7A4F7556}") = "Drogecode.Knrm.Oefenrooster.Shared", "src\Shared\Drogecode.Knrm.Oefenrooster.Shared.csproj", "{23D21DA6-1A18-46BF-AECF-7B751D52002D}"
EndProject
Project("{E53339B2-1760-4266-BCC7-CA923CBCF16C}") = "docker-compose", "docker-compose.dcproj", "{E8B45E7F-F232-42C9-8C8D-330D104D4C43}"
EndProject
Project("{FAE04EC0-301F-11D3-BF4B-00C04F79EFBC}") = "Drogecode.Knrm.Oefenrooster.TestServer", "..\Drogecode.Knrm.Oefenrooster.TestServer\Drogecode.Knrm.Oefenrooster.TestServer.csproj", "{D8CDEEEF-D77E-4420-8313-8EF3457D0F1E}"
EndProject
Global
	GlobalSection(SolutionConfigurationPlatforms) = preSolution
		Debug|Any CPU = Debug|Any CPU
		Release|Any CPU = Release|Any CPU
	EndGlobalSection
	GlobalSection(ProjectConfigurationPlatforms) = postSolution
		{EB07ED30-006B-43A7-BCA6-3B5D3C5E95D8}.Debug|Any CPU.ActiveCfg = Debug|Any CPU
		{EB07ED30-006B-43A7-BCA6-3B5D3C5E95D8}.Debug|Any CPU.Build.0 = Debug|Any CPU
		{EB07ED30-006B-43A7-BCA6-3B5D3C5E95D8}.Release|Any CPU.ActiveCfg = Release|Any CPU
		{EB07ED30-006B-43A7-BCA6-3B5D3C5E95D8}.Release|Any CPU.Build.0 = Release|Any CPU
		{2D9143F7-D2D7-4DDC-AC5E-E62410334F69}.Debug|Any CPU.ActiveCfg = Debug|Any CPU
		{2D9143F7-D2D7-4DDC-AC5E-E62410334F69}.Debug|Any CPU.Build.0 = Debug|Any CPU
		{2D9143F7-D2D7-4DDC-AC5E-E62410334F69}.Release|Any CPU.ActiveCfg = Release|Any CPU
		{2D9143F7-D2D7-4DDC-AC5E-E62410334F69}.Release|Any CPU.Build.0 = Release|Any CPU
		{23D21DA6-1A18-46BF-AECF-7B751D52002D}.Debug|Any CPU.ActiveCfg = Debug|Any CPU
		{23D21DA6-1A18-46BF-AECF-7B751D52002D}.Debug|Any CPU.Build.0 = Debug|Any CPU
		{23D21DA6-1A18-46BF-AECF-7B751D52002D}.Release|Any CPU.ActiveCfg = Release|Any CPU
		{23D21DA6-1A18-46BF-AECF-7B751D52002D}.Release|Any CPU.Build.0 = Release|Any CPU
		{E8B45E7F-F232-42C9-8C8D-330D104D4C43}.Debug|Any CPU.ActiveCfg = Debug|Any CPU
		{E8B45E7F-F232-42C9-8C8D-330D104D4C43}.Debug|Any CPU.Build.0 = Debug|Any CPU
		{E8B45E7F-F232-42C9-8C8D-330D104D4C43}.Release|Any CPU.ActiveCfg = Release|Any CPU
		{E8B45E7F-F232-42C9-8C8D-330D104D4C43}.Release|Any CPU.Build.0 = Release|Any CPU
		{D8CDEEEF-D77E-4420-8313-8EF3457D0F1E}.Debug|Any CPU.ActiveCfg = Debug|Any CPU
		{D8CDEEEF-D77E-4420-8313-8EF3457D0F1E}.Debug|Any CPU.Build.0 = Debug|Any CPU
		{D8CDEEEF-D77E-4420-8313-8EF3457D0F1E}.Release|Any CPU.ActiveCfg = Release|Any CPU
		{D8CDEEEF-D77E-4420-8313-8EF3457D0F1E}.Release|Any CPU.Build.0 = Release|Any CPU
	EndGlobalSection
	GlobalSection(SolutionProperties) = preSolution
		HideSolutionNode = FALSE
	EndGlobalSection
	GlobalSection(ExtensibilityGlobals) = postSolution
		SolutionGuid = {36F3F586-0B2F-484C-9B32-46210C5E3929}
	EndGlobalSection
EndGlobal
